
Microsoft Visual Studio Solution File, Format Version 12.00
# Visual Studio Version 16
VisualStudioVersion = 16.0.29709.97
MinimumVisualStudioVersion = 10.0.40219.1
Project("{FAE04EC0-301F-11D3-BF4B-00C04F79EFBC}") = "123Numbers", "123Numbers\123Numbers.csproj", "{7F6F9B21-BA61-44D9-9AA8-FDC0FCA5B299}"
EndProject
Global
	GlobalSection(SolutionConfigurationPlatforms) = preSolution
		Debug|Any CPU = Debug|Any CPU
		Release|Any CPU = Release|Any CPU
	EndGlobalSection
	GlobalSection(ProjectConfigurationPlatforms) = postSolution
		{7F6F9B21-BA61-44D9-9AA8-FDC0FCA5B299}.Debug|Any CPU.ActiveCfg = Debug|Any CPU
		{7F6F9B21-BA61-44D9-9AA8-FDC0FCA5B299}.Debug|Any CPU.Build.0 = Debug|Any CPU
		{7F6F9B21-BA61-44D9-9AA8-FDC0FCA5B299}.Release|Any CPU.ActiveCfg = Release|Any CPU
		{7F6F9B21-BA61-44D9-9AA8-FDC0FCA5B299}.Release|Any CPU.Build.0 = Release|Any CPU
	EndGlobalSection
	GlobalSection(SolutionProperties) = preSolution
		HideSolutionNode = FALSE
	EndGlobalSection
	GlobalSection(ExtensibilityGlobals) = postSolution
		SolutionGuid = {A52A05C9-325E-4102-B89B-68CFCB7B44B2}
	EndGlobalSection
EndGlobal
